
Microsoft Visual Studio Solution File, Format Version 12.00
# Visual Studio 2013
VisualStudioVersion = 12.0.21005.1
MinimumVisualStudioVersion = 10.0.40219.1
Project("{FAE04EC0-301F-11D3-BF4B-00C04F79EFBC}") = "metods", "metods\metods.csproj", "{5D026EEB-A13C-478A-9AAD-94F038ED6C32}"
EndProject
Project("{FAE04EC0-301F-11D3-BF4B-00C04F79EFBC}") = "polendrom", "ConsoleApplication1\polendrom.csproj", "{FE21BE26-A369-4C41-B156-6EA05FD6A1F1}"
EndProject
Project("{FAE04EC0-301F-11D3-BF4B-00C04F79EFBC}") = "ex5_in_Function_basic_value_y", "ex5_in_Function_basic_value_y\ex5_in_Function_basic_value_y.csproj", "{B254CDAC-EFD3-4137-9EC7-269C54DE69A4}"
EndProject
Project("{FAE04EC0-301F-11D3-BF4B-00C04F79EFBC}") = "ex2_in_Function_basic_value_y", "ex2_in_Function_basic_value_y\ex2_in_Function_basic_value_y.csproj", "{E81CC776-ADA9-4E29-AF56-9DF4137D3314}"
EndProject
Project("{FAE04EC0-301F-11D3-BF4B-00C04F79EFBC}") = "Copy_from_ex5", "Copy_from_ex5\Copy_from_ex5.csproj", "{E468FCC0-7E12-42AB-B9A7-4EA3E041D1DD}"
EndProject
Project("{FAE04EC0-301F-11D3-BF4B-00C04F79EFBC}") = "ex10_in_Function_basic_trapeze", "ex10_in_Function_basic_trapeze\ex10_in_Function_basic_trapeze.csproj", "{64634C68-B62A-417B-B99E-DAA56893773C}"
EndProject
Project("{FAE04EC0-301F-11D3-BF4B-00C04F79EFBC}") = "work_with_texst", "work_with_texst\work_with_texst.csproj", "{23FCBEF4-CC09-479A-927F-19F36595C656}"
EndProject
Project("{FAE04EC0-301F-11D3-BF4B-00C04F79EFBC}") = "ConsoleApplication3", "ConsoleApplication3\ConsoleApplication3.csproj", "{DD420AFC-1640-42B2-B51D-3E00C05F16EE}"
EndProject
Project("{FAE04EC0-301F-11D3-BF4B-00C04F79EFBC}") = "19_04_work_with_text", "19_04_work_with_text\19_04_work_with_text.csproj", "{BF8F008E-D206-4B24-9CFC-5A54B73E105E}"
EndProject
Project("{FAE04EC0-301F-11D3-BF4B-00C04F79EFBC}") = "19_04_work_with_char", "19_04_work_with_char\19_04_work_with_char.csproj", "{3C565532-628F-4659-9824-77912286E927}"
EndProject
Project("{FAE04EC0-301F-11D3-BF4B-00C04F79EFBC}") = "palendrom_in_text", "palendrom_in_text\palendrom_in_text.csproj", "{CFACF0EE-72CA-4A0C-AF06-C0C9F293DD11}"
EndProject
Project("{FAE04EC0-301F-11D3-BF4B-00C04F79EFBC}") = "03.05.string_ex6", "03.05.string_ex6\03.05.string_ex6.csproj", "{A582D6ED-A705-4949-B61C-C46D6CC7784A}"
EndProject
Project("{FAE04EC0-301F-11D3-BF4B-00C04F79EFBC}") = "03.05.string_ex16", "03.05.string_ex16\03.05.string_ex16.csproj", "{B00E1793-EA1D-4C9E-AC81-9C654326B4C6}"
EndProject
Project("{FAE04EC0-301F-11D3-BF4B-00C04F79EFBC}") = "03.05.string_ex26", "03.05.string_ex25\03.05.string_ex26.csproj", "{8F377455-87DF-44FC-8E1E-87CCB49AB7ED}"
EndProject
Project("{FAE04EC0-301F-11D3-BF4B-00C04F79EFBC}") = "03.05.stringmidl_ex6", "03.05.stringmidl_ex6\03.05.stringmidl_ex6.csproj", "{B31388F4-BB12-4E2D-A42E-8B10B4D2A22A}"
EndProject
Project("{FAE04EC0-301F-11D3-BF4B-00C04F79EFBC}") = "03.05.stringmidl_ex16", "03.05.stringmidl_ex16\03.05.stringmidl_ex16.csproj", "{DFCF59FC-52CB-41CD-9BD4-2F71F7E614E5}"
EndProject
Project("{FAE04EC0-301F-11D3-BF4B-00C04F79EFBC}") = "ex25_from_stringmidl", "ex25_from_stringmidl\ex25_from_stringmidl.csproj", "{29A77E37-9A9B-4D8F-8D32-ED477A81C868}"
EndProject
Project("{FAE04EC0-301F-11D3-BF4B-00C04F79EFBC}") = "10.05.strukt_ex6", "10.05.strukt_ex6\10.05.strukt_ex6.csproj", "{F30B2181-0419-47F9-B173-41384F445197}"
EndProject
Project("{FAE04EC0-301F-11D3-BF4B-00C04F79EFBC}") = "10.05.struct_ex16", "10.05.struct_ex16\10.05.struct_ex16.csproj", "{E7516D09-EB46-460B-B20A-30BB1426FBB3}"
EndProject
Project("{FAE04EC0-301F-11D3-BF4B-00C04F79EFBC}") = "10.05.stutic_ex25", "10.05.stutic_ex25\10.05.stutic_ex25.csproj", "{96E173D1-46BF-4EFB-9667-8465FFEB7A5A}"
EndProject
Project("{FAE04EC0-301F-11D3-BF4B-00C04F79EFBC}") = "10.05.X2mass_ex6", "10.05.X2mass_ex6\10.05.X2mass_ex6.csproj", "{26216FA6-FC70-4DC1-A61A-100DE83425D5}"
EndProject
Global
	GlobalSection(SolutionConfigurationPlatforms) = preSolution
		Debug|Any CPU = Debug|Any CPU
		Release|Any CPU = Release|Any CPU
	EndGlobalSection
	GlobalSection(ProjectConfigurationPlatforms) = postSolution
		{5D026EEB-A13C-478A-9AAD-94F038ED6C32}.Debug|Any CPU.ActiveCfg = Debug|Any CPU
		{5D026EEB-A13C-478A-9AAD-94F038ED6C32}.Debug|Any CPU.Build.0 = Debug|Any CPU
		{5D026EEB-A13C-478A-9AAD-94F038ED6C32}.Release|Any CPU.ActiveCfg = Release|Any CPU
		{5D026EEB-A13C-478A-9AAD-94F038ED6C32}.Release|Any CPU.Build.0 = Release|Any CPU
		{FE21BE26-A369-4C41-B156-6EA05FD6A1F1}.Debug|Any CPU.ActiveCfg = Debug|Any CPU
		{FE21BE26-A369-4C41-B156-6EA05FD6A1F1}.Debug|Any CPU.Build.0 = Debug|Any CPU
		{FE21BE26-A369-4C41-B156-6EA05FD6A1F1}.Release|Any CPU.ActiveCfg = Release|Any CPU
		{FE21BE26-A369-4C41-B156-6EA05FD6A1F1}.Release|Any CPU.Build.0 = Release|Any CPU
		{B254CDAC-EFD3-4137-9EC7-269C54DE69A4}.Debug|Any CPU.ActiveCfg = Debug|Any CPU
		{B254CDAC-EFD3-4137-9EC7-269C54DE69A4}.Debug|Any CPU.Build.0 = Debug|Any CPU
		{B254CDAC-EFD3-4137-9EC7-269C54DE69A4}.Release|Any CPU.ActiveCfg = Release|Any CPU
		{B254CDAC-EFD3-4137-9EC7-269C54DE69A4}.Release|Any CPU.Build.0 = Release|Any CPU
		{E81CC776-ADA9-4E29-AF56-9DF4137D3314}.Debug|Any CPU.ActiveCfg = Debug|Any CPU
		{E81CC776-ADA9-4E29-AF56-9DF4137D3314}.Debug|Any CPU.Build.0 = Debug|Any CPU
		{E81CC776-ADA9-4E29-AF56-9DF4137D3314}.Release|Any CPU.ActiveCfg = Release|Any CPU
		{E81CC776-ADA9-4E29-AF56-9DF4137D3314}.Release|Any CPU.Build.0 = Release|Any CPU
		{E468FCC0-7E12-42AB-B9A7-4EA3E041D1DD}.Debug|Any CPU.ActiveCfg = Debug|Any CPU
		{E468FCC0-7E12-42AB-B9A7-4EA3E041D1DD}.Debug|Any CPU.Build.0 = Debug|Any CPU
		{E468FCC0-7E12-42AB-B9A7-4EA3E041D1DD}.Release|Any CPU.ActiveCfg = Release|Any CPU
		{E468FCC0-7E12-42AB-B9A7-4EA3E041D1DD}.Release|Any CPU.Build.0 = Release|Any CPU
		{64634C68-B62A-417B-B99E-DAA56893773C}.Debug|Any CPU.ActiveCfg = Debug|Any CPU
		{64634C68-B62A-417B-B99E-DAA56893773C}.Debug|Any CPU.Build.0 = Debug|Any CPU
		{64634C68-B62A-417B-B99E-DAA56893773C}.Release|Any CPU.ActiveCfg = Release|Any CPU
		{64634C68-B62A-417B-B99E-DAA56893773C}.Release|Any CPU.Build.0 = Release|Any CPU
		{23FCBEF4-CC09-479A-927F-19F36595C656}.Debug|Any CPU.ActiveCfg = Debug|Any CPU
		{23FCBEF4-CC09-479A-927F-19F36595C656}.Debug|Any CPU.Build.0 = Debug|Any CPU
		{23FCBEF4-CC09-479A-927F-19F36595C656}.Release|Any CPU.ActiveCfg = Release|Any CPU
		{23FCBEF4-CC09-479A-927F-19F36595C656}.Release|Any CPU.Build.0 = Release|Any CPU
		{DD420AFC-1640-42B2-B51D-3E00C05F16EE}.Debug|Any CPU.ActiveCfg = Debug|Any CPU
		{DD420AFC-1640-42B2-B51D-3E00C05F16EE}.Debug|Any CPU.Build.0 = Debug|Any CPU
		{DD420AFC-1640-42B2-B51D-3E00C05F16EE}.Release|Any CPU.ActiveCfg = Release|Any CPU
		{DD420AFC-1640-42B2-B51D-3E00C05F16EE}.Release|Any CPU.Build.0 = Release|Any CPU
		{BF8F008E-D206-4B24-9CFC-5A54B73E105E}.Debug|Any CPU.ActiveCfg = Debug|Any CPU
		{BF8F008E-D206-4B24-9CFC-5A54B73E105E}.Debug|Any CPU.Build.0 = Debug|Any CPU
		{BF8F008E-D206-4B24-9CFC-5A54B73E105E}.Release|Any CPU.ActiveCfg = Release|Any CPU
		{BF8F008E-D206-4B24-9CFC-5A54B73E105E}.Release|Any CPU.Build.0 = Release|Any CPU
		{3C565532-628F-4659-9824-77912286E927}.Debug|Any CPU.ActiveCfg = Debug|Any CPU
		{3C565532-628F-4659-9824-77912286E927}.Debug|Any CPU.Build.0 = Debug|Any CPU
		{3C565532-628F-4659-9824-77912286E927}.Release|Any CPU.ActiveCfg = Release|Any CPU
		{3C565532-628F-4659-9824-77912286E927}.Release|Any CPU.Build.0 = Release|Any CPU
		{CFACF0EE-72CA-4A0C-AF06-C0C9F293DD11}.Debug|Any CPU.ActiveCfg = Debug|Any CPU
		{CFACF0EE-72CA-4A0C-AF06-C0C9F293DD11}.Debug|Any CPU.Build.0 = Debug|Any CPU
		{CFACF0EE-72CA-4A0C-AF06-C0C9F293DD11}.Release|Any CPU.ActiveCfg = Release|Any CPU
		{CFACF0EE-72CA-4A0C-AF06-C0C9F293DD11}.Release|Any CPU.Build.0 = Release|Any CPU
		{A582D6ED-A705-4949-B61C-C46D6CC7784A}.Debug|Any CPU.ActiveCfg = Debug|Any CPU
		{A582D6ED-A705-4949-B61C-C46D6CC7784A}.Debug|Any CPU.Build.0 = Debug|Any CPU
		{A582D6ED-A705-4949-B61C-C46D6CC7784A}.Release|Any CPU.ActiveCfg = Release|Any CPU
		{A582D6ED-A705-4949-B61C-C46D6CC7784A}.Release|Any CPU.Build.0 = Release|Any CPU
		{B00E1793-EA1D-4C9E-AC81-9C654326B4C6}.Debug|Any CPU.ActiveCfg = Debug|Any CPU
		{B00E1793-EA1D-4C9E-AC81-9C654326B4C6}.Debug|Any CPU.Build.0 = Debug|Any CPU
		{B00E1793-EA1D-4C9E-AC81-9C654326B4C6}.Release|Any CPU.ActiveCfg = Release|Any CPU
		{B00E1793-EA1D-4C9E-AC81-9C654326B4C6}.Release|Any CPU.Build.0 = Release|Any CPU
		{8F377455-87DF-44FC-8E1E-87CCB49AB7ED}.Debug|Any CPU.ActiveCfg = Debug|Any CPU
		{8F377455-87DF-44FC-8E1E-87CCB49AB7ED}.Debug|Any CPU.Build.0 = Debug|Any CPU
		{8F377455-87DF-44FC-8E1E-87CCB49AB7ED}.Release|Any CPU.ActiveCfg = Release|Any CPU
		{8F377455-87DF-44FC-8E1E-87CCB49AB7ED}.Release|Any CPU.Build.0 = Release|Any CPU
		{B31388F4-BB12-4E2D-A42E-8B10B4D2A22A}.Debug|Any CPU.ActiveCfg = Debug|Any CPU
		{B31388F4-BB12-4E2D-A42E-8B10B4D2A22A}.Debug|Any CPU.Build.0 = Debug|Any CPU
		{B31388F4-BB12-4E2D-A42E-8B10B4D2A22A}.Release|Any CPU.ActiveCfg = Release|Any CPU
		{B31388F4-BB12-4E2D-A42E-8B10B4D2A22A}.Release|Any CPU.Build.0 = Release|Any CPU
		{DFCF59FC-52CB-41CD-9BD4-2F71F7E614E5}.Debug|Any CPU.ActiveCfg = Debug|Any CPU
		{DFCF59FC-52CB-41CD-9BD4-2F71F7E614E5}.Debug|Any CPU.Build.0 = Debug|Any CPU
		{DFCF59FC-52CB-41CD-9BD4-2F71F7E614E5}.Release|Any CPU.ActiveCfg = Release|Any CPU
		{DFCF59FC-52CB-41CD-9BD4-2F71F7E614E5}.Release|Any CPU.Build.0 = Release|Any CPU
		{29A77E37-9A9B-4D8F-8D32-ED477A81C868}.Debug|Any CPU.ActiveCfg = Debug|Any CPU
		{29A77E37-9A9B-4D8F-8D32-ED477A81C868}.Debug|Any CPU.Build.0 = Debug|Any CPU
		{29A77E37-9A9B-4D8F-8D32-ED477A81C868}.Release|Any CPU.ActiveCfg = Release|Any CPU
		{29A77E37-9A9B-4D8F-8D32-ED477A81C868}.Release|Any CPU.Build.0 = Release|Any CPU
		{F30B2181-0419-47F9-B173-41384F445197}.Debug|Any CPU.ActiveCfg = Debug|Any CPU
		{F30B2181-0419-47F9-B173-41384F445197}.Debug|Any CPU.Build.0 = Debug|Any CPU
		{F30B2181-0419-47F9-B173-41384F445197}.Release|Any CPU.ActiveCfg = Release|Any CPU
		{F30B2181-0419-47F9-B173-41384F445197}.Release|Any CPU.Build.0 = Release|Any CPU
		{E7516D09-EB46-460B-B20A-30BB1426FBB3}.Debug|Any CPU.ActiveCfg = Debug|Any CPU
		{E7516D09-EB46-460B-B20A-30BB1426FBB3}.Debug|Any CPU.Build.0 = Debug|Any CPU
		{E7516D09-EB46-460B-B20A-30BB1426FBB3}.Release|Any CPU.ActiveCfg = Release|Any CPU
		{E7516D09-EB46-460B-B20A-30BB1426FBB3}.Release|Any CPU.Build.0 = Release|Any CPU
		{96E173D1-46BF-4EFB-9667-8465FFEB7A5A}.Debug|Any CPU.ActiveCfg = Debug|Any CPU
		{96E173D1-46BF-4EFB-9667-8465FFEB7A5A}.Debug|Any CPU.Build.0 = Debug|Any CPU
		{96E173D1-46BF-4EFB-9667-8465FFEB7A5A}.Release|Any CPU.ActiveCfg = Release|Any CPU
		{96E173D1-46BF-4EFB-9667-8465FFEB7A5A}.Release|Any CPU.Build.0 = Release|Any CPU
		{26216FA6-FC70-4DC1-A61A-100DE83425D5}.Debug|Any CPU.ActiveCfg = Debug|Any CPU
		{26216FA6-FC70-4DC1-A61A-100DE83425D5}.Debug|Any CPU.Build.0 = Debug|Any CPU
		{26216FA6-FC70-4DC1-A61A-100DE83425D5}.Release|Any CPU.ActiveCfg = Release|Any CPU
		{26216FA6-FC70-4DC1-A61A-100DE83425D5}.Release|Any CPU.Build.0 = Release|Any CPU
	EndGlobalSection
	GlobalSection(SolutionProperties) = preSolution
		HideSolutionNode = FALSE
	EndGlobalSection
EndGlobal
