
Microsoft Visual Studio Solution File, Format Version 12.00
# Visual Studio 2013
VisualStudioVersion = 12.0.21005.1
MinimumVisualStudioVersion = 10.0.40219.1
Project("{FAE04EC0-301F-11D3-BF4B-00C04F79EFBC}") = "metods", "metods\metods.csproj", "{5D026EEB-A13C-478A-9AAD-94F038ED6C32}"
EndProject
Project("{FAE04EC0-301F-11D3-BF4B-00C04F79EFBC}") = "polendrom", "ConsoleApplication1\polendrom.csproj", "{FE21BE26-A369-4C41-B156-6EA05FD6A1F1}"
EndProject
Project("{FAE04EC0-301F-11D3-BF4B-00C04F79EFBC}") = "ex5_in_Function_basic_value_y", "ex5_in_Function_basic_value_y\ex5_in_Function_basic_value_y.csproj", "{B254CDAC-EFD3-4137-9EC7-269C54DE69A4}"
EndProject
Project("{FAE04EC0-301F-11D3-BF4B-00C04F79EFBC}") = "ex2_in_Function_basic_value_y", "ex2_in_Function_basic_value_y\ex2_in_Function_basic_value_y.csproj", "{E81CC776-ADA9-4E29-AF56-9DF4137D3314}"
EndProject
Global
	GlobalSection(SolutionConfigurationPlatforms) = preSolution
		Debug|Any CPU = Debug|Any CPU
		Release|Any CPU = Release|Any CPU
	EndGlobalSection
	GlobalSection(ProjectConfigurationPlatforms) = postSolution
		{5D026EEB-A13C-478A-9AAD-94F038ED6C32}.Debug|Any CPU.ActiveCfg = Debug|Any CPU
		{5D026EEB-A13C-478A-9AAD-94F038ED6C32}.Debug|Any CPU.Build.0 = Debug|Any CPU
		{5D026EEB-A13C-478A-9AAD-94F038ED6C32}.Release|Any CPU.ActiveCfg = Release|Any CPU
		{5D026EEB-A13C-478A-9AAD-94F038ED6C32}.Release|Any CPU.Build.0 = Release|Any CPU
		{FE21BE26-A369-4C41-B156-6EA05FD6A1F1}.Debug|Any CPU.ActiveCfg = Debug|Any CPU
		{FE21BE26-A369-4C41-B156-6EA05FD6A1F1}.Debug|Any CPU.Build.0 = Debug|Any CPU
		{FE21BE26-A369-4C41-B156-6EA05FD6A1F1}.Release|Any CPU.ActiveCfg = Release|Any CPU
		{FE21BE26-A369-4C41-B156-6EA05FD6A1F1}.Release|Any CPU.Build.0 = Release|Any CPU
		{B254CDAC-EFD3-4137-9EC7-269C54DE69A4}.Debug|Any CPU.ActiveCfg = Debug|Any CPU
		{B254CDAC-EFD3-4137-9EC7-269C54DE69A4}.Debug|Any CPU.Build.0 = Debug|Any CPU
		{B254CDAC-EFD3-4137-9EC7-269C54DE69A4}.Release|Any CPU.ActiveCfg = Release|Any CPU
		{B254CDAC-EFD3-4137-9EC7-269C54DE69A4}.Release|Any CPU.Build.0 = Release|Any CPU
		{E81CC776-ADA9-4E29-AF56-9DF4137D3314}.Debug|Any CPU.ActiveCfg = Debug|Any CPU
		{E81CC776-ADA9-4E29-AF56-9DF4137D3314}.Debug|Any CPU.Build.0 = Debug|Any CPU
		{E81CC776-ADA9-4E29-AF56-9DF4137D3314}.Release|Any CPU.ActiveCfg = Release|Any CPU
		{E81CC776-ADA9-4E29-AF56-9DF4137D3314}.Release|Any CPU.Build.0 = Release|Any CPU
	EndGlobalSection
	GlobalSection(SolutionProperties) = preSolution
		HideSolutionNode = FALSE
	EndGlobalSection
EndGlobal
